
Microsoft Visual Studio Solution File, Format Version 12.00
# Visual Studio Version 17
VisualStudioVersion = 17.1.31911.260
MinimumVisualStudioVersion = 10.0.40219.1
Project("{00D1A9C2-B5F0-4AF3-8072-F6C62B433612}") = "KaizenburstDb", "KaizenburstDb.sqlproj", "{C572356F-3AF3-4109-BE0C-AF76EE05E659}"
EndProject
Global
	GlobalSection(SolutionConfigurationPlatforms) = preSolution
		Debug|Any CPU = Debug|Any CPU
		Release|Any CPU = Release|Any CPU
	EndGlobalSection
	GlobalSection(ProjectConfigurationPlatforms) = postSolution
		{C572356F-3AF3-4109-BE0C-AF76EE05E659}.Debug|Any CPU.ActiveCfg = Debug|Any CPU
		{C572356F-3AF3-4109-BE0C-AF76EE05E659}.Debug|Any CPU.Build.0 = Debug|Any CPU
		{C572356F-3AF3-4109-BE0C-AF76EE05E659}.Debug|Any CPU.Deploy.0 = Debug|Any CPU
		{C572356F-3AF3-4109-BE0C-AF76EE05E659}.Release|Any CPU.ActiveCfg = Release|Any CPU
		{C572356F-3AF3-4109-BE0C-AF76EE05E659}.Release|Any CPU.Build.0 = Release|Any CPU
		{C572356F-3AF3-4109-BE0C-AF76EE05E659}.Release|Any CPU.Deploy.0 = Release|Any CPU
	EndGlobalSection
	GlobalSection(SolutionProperties) = preSolution
		HideSolutionNode = FALSE
	EndGlobalSection
	GlobalSection(ExtensibilityGlobals) = postSolution
		SolutionGuid = {B9CDC049-B4EC-494D-9143-005B0E64A86F}
	EndGlobalSection
EndGlobal
